
Microsoft Visual Studio Solution File, Format Version 12.00
# Visual Studio Version 17
VisualStudioVersion = 17.0.31903.59
MinimumVisualStudioVersion = 10.0.40219.1
Project("{2150E333-8FDC-42A3-9474-1A3956D46DE8}") = "src", "src", "{827E0CD3-B72D-47B6-A68D-7590B98EB39B}"
EndProject
Project("{FAE04EC0-301F-11D3-BF4B-00C04F79EFBC}") = "MiniShop.Api", "src\MiniShop.Api\MiniShop.Api.csproj", "{FB303952-9C6D-469C-838A-9864DE2C6F24}"
EndProject
Project("{FAE04EC0-301F-11D3-BF4B-00C04F79EFBC}") = "MiniShop.Domain", "src\MiniShop.Domain\MiniShop.Domain.csproj", "{A4859C15-81FF-48EA-A715-BD1B0B916852}"
EndProject
Project("{FAE04EC0-301F-11D3-BF4B-00C04F79EFBC}") = "MiniShop.Application", "src\MiniShop.Application\MiniShop.Application.csproj", "{ECA76126-F5E3-46C0-85B1-1E4637955933}"
EndProject
Project("{FAE04EC0-301F-11D3-BF4B-00C04F79EFBC}") = "MiniShop.Infrastructure", "src\MiniShop.Infrastructure\MiniShop.Infrastructure.csproj", "{D62F001B-7C81-4D60-B010-A37918C74B8B}"
EndProject
Project("{2150E333-8FDC-42A3-9474-1A3956D46DE8}") = "tests", "tests", "{0AB3BF05-4346-4AA6-1389-037BE0695223}"
EndProject
Project("{FAE04EC0-301F-11D3-BF4B-00C04F79EFBC}") = "MiniShop.UnitTests", "tests\MiniShop.UnitTests\MiniShop.UnitTests.csproj", "{B6245FA0-25F1-4A9D-95B6-E18EBDBF3111}"
EndProject
Project("{FAE04EC0-301F-11D3-BF4B-00C04F79EFBC}") = "MiniShop.IntegrationTests", "tests\MiniShop.IntegrationTests\MiniShop.IntegrationTests.csproj", "{B7EE16A6-09B9-4C3B-91A3-E6F83CCFB6E4}"
EndProject
Global
	GlobalSection(SolutionConfigurationPlatforms) = preSolution
		Debug|Any CPU = Debug|Any CPU
		Debug|x64 = Debug|x64
		Debug|x86 = Debug|x86
		Release|Any CPU = Release|Any CPU
		Release|x64 = Release|x64
		Release|x86 = Release|x86
	EndGlobalSection
	GlobalSection(ProjectConfigurationPlatforms) = postSolution
		{FB303952-9C6D-469C-838A-9864DE2C6F24}.Debug|Any CPU.ActiveCfg = Debug|Any CPU
		{FB303952-9C6D-469C-838A-9864DE2C6F24}.Debug|Any CPU.Build.0 = Debug|Any CPU
		{FB303952-9C6D-469C-838A-9864DE2C6F24}.Debug|x64.ActiveCfg = Debug|Any CPU
		{FB303952-9C6D-469C-838A-9864DE2C6F24}.Debug|x64.Build.0 = Debug|Any CPU
		{FB303952-9C6D-469C-838A-9864DE2C6F24}.Debug|x86.ActiveCfg = Debug|Any CPU
		{FB303952-9C6D-469C-838A-9864DE2C6F24}.Debug|x86.Build.0 = Debug|Any CPU
		{FB303952-9C6D-469C-838A-9864DE2C6F24}.Release|Any CPU.ActiveCfg = Release|Any CPU
		{FB303952-9C6D-469C-838A-9864DE2C6F24}.Release|Any CPU.Build.0 = Release|Any CPU
		{FB303952-9C6D-469C-838A-9864DE2C6F24}.Release|x64.ActiveCfg = Release|Any CPU
		{FB303952-9C6D-469C-838A-9864DE2C6F24}.Release|x64.Build.0 = Release|Any CPU
		{FB303952-9C6D-469C-838A-9864DE2C6F24}.Release|x86.ActiveCfg = Release|Any CPU
		{FB303952-9C6D-469C-838A-9864DE2C6F24}.Release|x86.Build.0 = Release|Any CPU
		{A4859C15-81FF-48EA-A715-BD1B0B916852}.Debug|Any CPU.ActiveCfg = Debug|Any CPU
		{A4859C15-81FF-48EA-A715-BD1B0B916852}.Debug|Any CPU.Build.0 = Debug|Any CPU
		{A4859C15-81FF-48EA-A715-BD1B0B916852}.Debug|x64.ActiveCfg = Debug|Any CPU
		{A4859C15-81FF-48EA-A715-BD1B0B916852}.Debug|x64.Build.0 = Debug|Any CPU
		{A4859C15-81FF-48EA-A715-BD1B0B916852}.Debug|x86.ActiveCfg = Debug|Any CPU
		{A4859C15-81FF-48EA-A715-BD1B0B916852}.Debug|x86.Build.0 = Debug|Any CPU
		{A4859C15-81FF-48EA-A715-BD1B0B916852}.Release|Any CPU.ActiveCfg = Release|Any CPU
		{A4859C15-81FF-48EA-A715-BD1B0B916852}.Release|Any CPU.Build.0 = Release|Any CPU
		{A4859C15-81FF-48EA-A715-BD1B0B916852}.Release|x64.ActiveCfg = Release|Any CPU
		{A4859C15-81FF-48EA-A715-BD1B0B916852}.Release|x64.Build.0 = Release|Any CPU
		{A4859C15-81FF-48EA-A715-BD1B0B916852}.Release|x86.ActiveCfg = Release|Any CPU
		{A4859C15-81FF-48EA-A715-BD1B0B916852}.Release|x86.Build.0 = Release|Any CPU
		{ECA76126-F5E3-46C0-85B1-1E4637955933}.Debug|Any CPU.ActiveCfg = Debug|Any CPU
		{ECA76126-F5E3-46C0-85B1-1E4637955933}.Debug|Any CPU.Build.0 = Debug|Any CPU
		{ECA76126-F5E3-46C0-85B1-1E4637955933}.Debug|x64.ActiveCfg = Debug|Any CPU
		{ECA76126-F5E3-46C0-85B1-1E4637955933}.Debug|x64.Build.0 = Debug|Any CPU
		{ECA76126-F5E3-46C0-85B1-1E4637955933}.Debug|x86.ActiveCfg = Debug|Any CPU
		{ECA76126-F5E3-46C0-85B1-1E4637955933}.Debug|x86.Build.0 = Debug|Any CPU
		{ECA76126-F5E3-46C0-85B1-1E4637955933}.Release|Any CPU.ActiveCfg = Release|Any CPU
		{ECA76126-F5E3-46C0-85B1-1E4637955933}.Release|Any CPU.Build.0 = Release|Any CPU
		{ECA76126-F5E3-46C0-85B1-1E4637955933}.Release|x64.ActiveCfg = Release|Any CPU
		{ECA76126-F5E3-46C0-85B1-1E4637955933}.Release|x64.Build.0 = Release|Any CPU
		{ECA76126-F5E3-46C0-85B1-1E4637955933}.Release|x86.ActiveCfg = Release|Any CPU
		{ECA76126-F5E3-46C0-85B1-1E4637955933}.Release|x86.Build.0 = Release|Any CPU
		{D62F001B-7C81-4D60-B010-A37918C74B8B}.Debug|Any CPU.ActiveCfg = Debug|Any CPU
		{D62F001B-7C81-4D60-B010-A37918C74B8B}.Debug|Any CPU.Build.0 = Debug|Any CPU
		{D62F001B-7C81-4D60-B010-A37918C74B8B}.Debug|x64.ActiveCfg = Debug|Any CPU
		{D62F001B-7C81-4D60-B010-A37918C74B8B}.Debug|x64.Build.0 = Debug|Any CPU
		{D62F001B-7C81-4D60-B010-A37918C74B8B}.Debug|x86.ActiveCfg = Debug|Any CPU
		{D62F001B-7C81-4D60-B010-A37918C74B8B}.Debug|x86.Build.0 = Debug|Any CPU
		{D62F001B-7C81-4D60-B010-A37918C74B8B}.Release|Any CPU.ActiveCfg = Release|Any CPU
		{D62F001B-7C81-4D60-B010-A37918C74B8B}.Release|Any CPU.Build.0 = Release|Any CPU
		{D62F001B-7C81-4D60-B010-A37918C74B8B}.Release|x64.ActiveCfg = Release|Any CPU
		{D62F001B-7C81-4D60-B010-A37918C74B8B}.Release|x64.Build.0 = Release|Any CPU
		{D62F001B-7C81-4D60-B010-A37918C74B8B}.Release|x86.ActiveCfg = Release|Any CPU
		{D62F001B-7C81-4D60-B010-A37918C74B8B}.Release|x86.Build.0 = Release|Any CPU
		{B6245FA0-25F1-4A9D-95B6-E18EBDBF3111}.Debug|Any CPU.ActiveCfg = Debug|Any CPU
		{B6245FA0-25F1-4A9D-95B6-E18EBDBF3111}.Debug|Any CPU.Build.0 = Debug|Any CPU
		{B6245FA0-25F1-4A9D-95B6-E18EBDBF3111}.Debug|x64.ActiveCfg = Debug|Any CPU
		{B6245FA0-25F1-4A9D-95B6-E18EBDBF3111}.Debug|x64.Build.0 = Debug|Any CPU
		{B6245FA0-25F1-4A9D-95B6-E18EBDBF3111}.Debug|x86.ActiveCfg = Debug|Any CPU
		{B6245FA0-25F1-4A9D-95B6-E18EBDBF3111}.Debug|x86.Build.0 = Debug|Any CPU
		{B6245FA0-25F1-4A9D-95B6-E18EBDBF3111}.Release|Any CPU.ActiveCfg = Release|Any CPU
		{B6245FA0-25F1-4A9D-95B6-E18EBDBF3111}.Release|Any CPU.Build.0 = Release|Any CPU
		{B6245FA0-25F1-4A9D-95B6-E18EBDBF3111}.Release|x64.ActiveCfg = Release|Any CPU
		{B6245FA0-25F1-4A9D-95B6-E18EBDBF3111}.Release|x64.Build.0 = Release|Any CPU
		{B6245FA0-25F1-4A9D-95B6-E18EBDBF3111}.Release|x86.ActiveCfg = Release|Any CPU
		{B6245FA0-25F1-4A9D-95B6-E18EBDBF3111}.Release|x86.Build.0 = Release|Any CPU
		{B7EE16A6-09B9-4C3B-91A3-E6F83CCFB6E4}.Debug|Any CPU.ActiveCfg = Debug|Any CPU
		{B7EE16A6-09B9-4C3B-91A3-E6F83CCFB6E4}.Debug|Any CPU.Build.0 = Debug|Any CPU
		{B7EE16A6-09B9-4C3B-91A3-E6F83CCFB6E4}.Debug|x64.ActiveCfg = Debug|Any CPU
		{B7EE16A6-09B9-4C3B-91A3-E6F83CCFB6E4}.Debug|x64.Build.0 = Debug|Any CPU
		{B7EE16A6-09B9-4C3B-91A3-E6F83CCFB6E4}.Debug|x86.ActiveCfg = Debug|Any CPU
		{B7EE16A6-09B9-4C3B-91A3-E6F83CCFB6E4}.Debug|x86.Build.0 = Debug|Any CPU
		{B7EE16A6-09B9-4C3B-91A3-E6F83CCFB6E4}.Release|Any CPU.ActiveCfg = Release|Any CPU
		{B7EE16A6-09B9-4C3B-91A3-E6F83CCFB6E4}.Release|Any CPU.Build.0 = Release|Any CPU
		{B7EE16A6-09B9-4C3B-91A3-E6F83CCFB6E4}.Release|x64.ActiveCfg = Release|Any CPU
		{B7EE16A6-09B9-4C3B-91A3-E6F83CCFB6E4}.Release|x64.Build.0 = Release|Any CPU
		{B7EE16A6-09B9-4C3B-91A3-E6F83CCFB6E4}.Release|x86.ActiveCfg = Release|Any CPU
		{B7EE16A6-09B9-4C3B-91A3-E6F83CCFB6E4}.Release|x86.Build.0 = Release|Any CPU
	EndGlobalSection
	GlobalSection(SolutionProperties) = preSolution
		HideSolutionNode = FALSE
	EndGlobalSection
	GlobalSection(NestedProjects) = preSolution
		{FB303952-9C6D-469C-838A-9864DE2C6F24} = {827E0CD3-B72D-47B6-A68D-7590B98EB39B}
		{A4859C15-81FF-48EA-A715-BD1B0B916852} = {827E0CD3-B72D-47B6-A68D-7590B98EB39B}
		{ECA76126-F5E3-46C0-85B1-1E4637955933} = {827E0CD3-B72D-47B6-A68D-7590B98EB39B}
		{D62F001B-7C81-4D60-B010-A37918C74B8B} = {827E0CD3-B72D-47B6-A68D-7590B98EB39B}
		{B6245FA0-25F1-4A9D-95B6-E18EBDBF3111} = {0AB3BF05-4346-4AA6-1389-037BE0695223}
		{B7EE16A6-09B9-4C3B-91A3-E6F83CCFB6E4} = {0AB3BF05-4346-4AA6-1389-037BE0695223}
	EndGlobalSection
EndGlobal
